// !$*UTF8*$!
{
	archiveVersion = 1;
	classes = {
	};
	objectVersion = 50;
	objects = {

/* Begin PBXBuildFile section */
		90899731EE69FC7287A5F9B6 /* Pods_Podcasts.framework in Frameworks */ = {isa = PBXBuildFile; fileRef = F2CC44863F24A19503CD69FD /* Pods_Podcasts.framework */; };
		B731C3CB208D23BD00A94093 /* AppDelegate.swift in Sources */ = {isa = PBXBuildFile; fileRef = B731C3CA208D23BD00A94093 /* AppDelegate.swift */; };
		B731C3CD208D23BD00A94093 /* ViewController.swift in Sources */ = {isa = PBXBuildFile; fileRef = B731C3CC208D23BD00A94093 /* ViewController.swift */; };
		B731C3D2208D23BF00A94093 /* Assets.xcassets in Resources */ = {isa = PBXBuildFile; fileRef = B731C3D1208D23BF00A94093 /* Assets.xcassets */; };
		B731C3D5208D23BF00A94093 /* LaunchScreen.storyboard in Resources */ = {isa = PBXBuildFile; fileRef = B731C3D3208D23BF00A94093 /* LaunchScreen.storyboard */; };
		B731C3DD208D240500A94093 /* MainTabBarController.swift in Sources */ = {isa = PBXBuildFile; fileRef = B731C3DC208D240500A94093 /* MainTabBarController.swift */; };
		B753C352208D6A66008E33C1 /* PodcastsSearchController.swift in Sources */ = {isa = PBXBuildFile; fileRef = B753C351208D6A66008E33C1 /* PodcastsSearchController.swift */; };
		B792685F208E28FC0020B630 /* Podcast.swift in Sources */ = {isa = PBXBuildFile; fileRef = B792685E208E28FC0020B630 /* Podcast.swift */; };
		B7CD720E208EB3B7001F6807 /* APIService.swift in Sources */ = {isa = PBXBuildFile; fileRef = B7CD720D208EB3B7001F6807 /* APIService.swift */; };
/* End PBXBuildFile section */

/* Begin PBXFileReference section */
		336BB26F22D297FB4FA824F2 /* Pods-Podcasts.release.xcconfig */ = {isa = PBXFileReference; includeInIndex = 1; lastKnownFileType = text.xcconfig; name = "Pods-Podcasts.release.xcconfig"; path = "Pods/Target Support Files/Pods-Podcasts/Pods-Podcasts.release.xcconfig"; sourceTree = "<group>"; };
		78404465B6A25D2AC1DFE1DE /* Pods-Podcasts.debug.xcconfig */ = {isa = PBXFileReference; includeInIndex = 1; lastKnownFileType = text.xcconfig; name = "Pods-Podcasts.debug.xcconfig"; path = "Pods/Target Support Files/Pods-Podcasts/Pods-Podcasts.debug.xcconfig"; sourceTree = "<group>"; };
		B731C3C7208D23BD00A94093 /* Podcasts.app */ = {isa = PBXFileReference; explicitFileType = wrapper.application; includeInIndex = 0; path = Podcasts.app; sourceTree = BUILT_PRODUCTS_DIR; };
		B731C3CA208D23BD00A94093 /* AppDelegate.swift */ = {isa = PBXFileReference; lastKnownFileType = sourcecode.swift; path = AppDelegate.swift; sourceTree = "<group>"; };
		B731C3CC208D23BD00A94093 /* ViewController.swift */ = {isa = PBXFileReference; lastKnownFileType = sourcecode.swift; path = ViewController.swift; sourceTree = "<group>"; };
		B731C3D1208D23BF00A94093 /* Assets.xcassets */ = {isa = PBXFileReference; lastKnownFileType = folder.assetcatalog; path = Assets.xcassets; sourceTree = "<group>"; };
		B731C3D4208D23BF00A94093 /* Base */ = {isa = PBXFileReference; lastKnownFileType = file.storyboard; name = Base; path = Base.lproj/LaunchScreen.storyboard; sourceTree = "<group>"; };
		B731C3D6208D23BF00A94093 /* Info.plist */ = {isa = PBXFileReference; lastKnownFileType = text.plist.xml; path = Info.plist; sourceTree = "<group>"; };
		B731C3DC208D240500A94093 /* MainTabBarController.swift */ = {isa = PBXFileReference; lastKnownFileType = sourcecode.swift; path = MainTabBarController.swift; sourceTree = "<group>"; };
		B753C351208D6A66008E33C1 /* PodcastsSearchController.swift */ = {isa = PBXFileReference; lastKnownFileType = sourcecode.swift; path = PodcastsSearchController.swift; sourceTree = "<group>"; };
		B792685E208E28FC0020B630 /* Podcast.swift */ = {isa = PBXFileReference; lastKnownFileType = sourcecode.swift; path = Podcast.swift; sourceTree = "<group>"; };
		B7CD720D208EB3B7001F6807 /* APIService.swift */ = {isa = PBXFileReference; lastKnownFileType = sourcecode.swift; path = APIService.swift; sourceTree = "<group>"; };
		F2CC44863F24A19503CD69FD /* Pods_Podcasts.framework */ = {isa = PBXFileReference; explicitFileType = wrapper.framework; includeInIndex = 0; path = Pods_Podcasts.framework; sourceTree = BUILT_PRODUCTS_DIR; };
/* End PBXFileReference section */

/* Begin PBXFrameworksBuildPhase section */
		B731C3C4208D23BD00A94093 /* Frameworks */ = {
			isa = PBXFrameworksBuildPhase;
			buildActionMask = 2147483647;
			files = (
				90899731EE69FC7287A5F9B6 /* Pods_Podcasts.framework in Frameworks */,
			);
			runOnlyForDeploymentPostprocessing = 0;
		};
/* End PBXFrameworksBuildPhase section */

/* Begin PBXGroup section */
		B731C3BE208D23BC00A94093 = {
			isa = PBXGroup;
			children = (
				B731C3C9208D23BD00A94093 /* Podcasts */,
				B731C3C8208D23BD00A94093 /* Products */,
				EA3426528E3126E9252F2950 /* Pods */,
				F484BEDBCE381CABE31A094E /* Frameworks */,
			);
			sourceTree = "<group>";
		};
		B731C3C8208D23BD00A94093 /* Products */ = {
			isa = PBXGroup;
			children = (
				B731C3C7208D23BD00A94093 /* Podcasts.app */,
			);
			name = Products;
			sourceTree = "<group>";
		};
		B731C3C9208D23BD00A94093 /* Podcasts */ = {
			isa = PBXGroup;
			children = (
				B7CD720C208EB299001F6807 /* API */,
				B792685D208E28E90020B630 /* Models */,
				B753C350208D6A35008E33C1 /* Controllers */,
				B731C3CA208D23BD00A94093 /* AppDelegate.swift */,
				B731C3CC208D23BD00A94093 /* ViewController.swift */,
				B731C3DC208D240500A94093 /* MainTabBarController.swift */,
				B731C3D1208D23BF00A94093 /* Assets.xcassets */,
				B731C3D3208D23BF00A94093 /* LaunchScreen.storyboard */,
				B731C3D6208D23BF00A94093 /* Info.plist */,
			);
			path = Podcasts;
			sourceTree = "<group>";
		};
		B753C350208D6A35008E33C1 /* Controllers */ = {
			isa = PBXGroup;
			children = (
				B753C351208D6A66008E33C1 /* PodcastsSearchController.swift */,
			);
			path = Controllers;
			sourceTree = "<group>";
		};
		B792685D208E28E90020B630 /* Models */ = {
			isa = PBXGroup;
			children = (
				B792685E208E28FC0020B630 /* Podcast.swift */,
			);
			path = Models;
			sourceTree = "<group>";
		};
		B7CD720C208EB299001F6807 /* API */ = {
			isa = PBXGroup;
			children = (
				B7CD720D208EB3B7001F6807 /* APIService.swift */,
			);
			path = API;
			sourceTree = "<group>";
		};
		EA3426528E3126E9252F2950 /* Pods */ = {
			isa = PBXGroup;
			children = (
				78404465B6A25D2AC1DFE1DE /* Pods-Podcasts.debug.xcconfig */,
				336BB26F22D297FB4FA824F2 /* Pods-Podcasts.release.xcconfig */,
			);
			name = Pods;
			sourceTree = "<group>";
		};
		F484BEDBCE381CABE31A094E /* Frameworks */ = {
			isa = PBXGroup;
			children = (
				F2CC44863F24A19503CD69FD /* Pods_Podcasts.framework */,
			);
			name = Frameworks;
			sourceTree = "<group>";
		};
/* End PBXGroup section */

/* Begin PBXNativeTarget section */
		B731C3C6208D23BD00A94093 /* Podcasts */ = {
			isa = PBXNativeTarget;
			buildConfigurationList = B731C3D9208D23BF00A94093 /* Build configuration list for PBXNativeTarget "Podcasts" */;
			buildPhases = (
				C4CD87ADD3B03FC8B71F6ACC /* [CP] Check Pods Manifest.lock */,
				B731C3C3208D23BD00A94093 /* Sources */,
				B731C3C4208D23BD00A94093 /* Frameworks */,
				B731C3C5208D23BD00A94093 /* Resources */,
				FF8B9386340814114FA0C503 /* [CP] Embed Pods Frameworks */,
			);
			buildRules = (
			);
			dependencies = (
			);
			name = Podcasts;
			productName = Podcasts;
			productReference = B731C3C7208D23BD00A94093 /* Podcasts.app */;
			productType = "com.apple.product-type.application";
		};
/* End PBXNativeTarget section */

/* Begin PBXProject section */
		B731C3BF208D23BC00A94093 /* Project object */ = {
			isa = PBXProject;
			attributes = {
				LastSwiftUpdateCheck = 0930;
				LastUpgradeCheck = 0930;
				ORGANIZATIONNAME = "Irma Blanco";
				TargetAttributes = {
					B731C3C6208D23BD00A94093 = {
						CreatedOnToolsVersion = 9.3;
					};
				};
			};
			buildConfigurationList = B731C3C2208D23BC00A94093 /* Build configuration list for PBXProject "Podcasts" */;
			compatibilityVersion = "Xcode 9.3";
			developmentRegion = en;
			hasScannedForEncodings = 0;
			knownRegions = (
				en,
				Base,
			);
			mainGroup = B731C3BE208D23BC00A94093;
			productRefGroup = B731C3C8208D23BD00A94093 /* Products */;
			projectDirPath = "";
			projectRoot = "";
			targets = (
				B731C3C6208D23BD00A94093 /* Podcasts */,
			);
		};
/* End PBXProject section */

/* Begin PBXResourcesBuildPhase section */
		B731C3C5208D23BD00A94093 /* Resources */ = {
			isa = PBXResourcesBuildPhase;
			buildActionMask = 2147483647;
			files = (
				B731C3D5208D23BF00A94093 /* LaunchScreen.storyboard in Resources */,
				B731C3D2208D23BF00A94093 /* Assets.xcassets in Resources */,
			);
			runOnlyForDeploymentPostprocessing = 0;
		};
/* End PBXResourcesBuildPhase section */

/* Begin PBXShellScriptBuildPhase section */
		C4CD87ADD3B03FC8B71F6ACC /* [CP] Check Pods Manifest.lock */ = {
			isa = PBXShellScriptBuildPhase;
			buildActionMask = 2147483647;
			files = (
			);
			inputPaths = (
				"${PODS_PODFILE_DIR_PATH}/Podfile.lock",
				"${PODS_ROOT}/Manifest.lock",
			);
			name = "[CP] Check Pods Manifest.lock";
			outputPaths = (
				"$(DERIVED_FILE_DIR)/Pods-Podcasts-checkManifestLockResult.txt",
			);
			runOnlyForDeploymentPostprocessing = 0;
			shellPath = /bin/sh;
			shellScript = "diff \"${PODS_PODFILE_DIR_PATH}/Podfile.lock\" \"${PODS_ROOT}/Manifest.lock\" > /dev/null\nif [ $? != 0 ] ; then\n    # print error to STDERR\n    echo \"error: The sandbox is not in sync with the Podfile.lock. Run 'pod install' or update your CocoaPods installation.\" >&2\n    exit 1\nfi\n# This output is used by Xcode 'outputs' to avoid re-running this script phase.\necho \"SUCCESS\" > \"${SCRIPT_OUTPUT_FILE_0}\"\n";
			showEnvVarsInLog = 0;
		};
		FF8B9386340814114FA0C503 /* [CP] Embed Pods Frameworks */ = {
			isa = PBXShellScriptBuildPhase;
			buildActionMask = 2147483647;
			files = (
			);
			inputPaths = (
				"${SRCROOT}/Pods/Target Support Files/Pods-Podcasts/Pods-Podcasts-frameworks.sh",
				"${BUILT_PRODUCTS_DIR}/Alamofire/Alamofire.framework",
			);
			name = "[CP] Embed Pods Frameworks";
			outputPaths = (
				"${TARGET_BUILD_DIR}/${FRAMEWORKS_FOLDER_PATH}/Alamofire.framework",
			);
			runOnlyForDeploymentPostprocessing = 0;
			shellPath = /bin/sh;
			shellScript = "\"${SRCROOT}/Pods/Target Support Files/Pods-Podcasts/Pods-Podcasts-frameworks.sh\"\n";
			showEnvVarsInLog = 0;
		};
/* End PBXShellScriptBuildPhase section */

/* Begin PBXSourcesBuildPhase section */
		B731C3C3208D23BD00A94093 /* Sources */ = {
			isa = PBXSourcesBuildPhase;
			buildActionMask = 2147483647;
			files = (
				B753C352208D6A66008E33C1 /* PodcastsSearchController.swift in Sources */,
				B731C3CD208D23BD00A94093 /* ViewController.swift in Sources */,
				B731C3CB208D23BD00A94093 /* AppDelegate.swift in Sources */,
				B731C3DD208D240500A94093 /* MainTabBarController.swift in Sources */,
				B7CD720E208EB3B7001F6807 /* APIService.swift in Sources */,
				B792685F208E28FC0020B630 /* Podcast.swift in Sources */,
			);
			runOnlyForDeploymentPostprocessing = 0;
		};
/* End PBXSourcesBuildPhase section */

/* Begin PBXVariantGroup section */
		B731C3D3208D23BF00A94093 /* LaunchScreen.storyboard */ = {
			isa = PBXVariantGroup;
			children = (
				B731C3D4208D23BF00A94093 /* Base */,
			);
			name = LaunchScreen.storyboard;
			sourceTree = "<group>";
		};
/* End PBXVariantGroup section */

/* Begin XCBuildConfiguration section */
		B731C3D7208D23BF00A94093 /* Debug */ = {
			isa = XCBuildConfiguration;
			buildSettings = {
				ALWAYS_SEARCH_USER_PATHS = NO;
				CLANG_ANALYZER_NONNULL = YES;
				CLANG_ANALYZER_NUMBER_OBJECT_CONVERSION = YES_AGGRESSIVE;
				CLANG_CXX_LANGUAGE_STANDARD = "gnu++14";
				CLANG_CXX_LIBRARY = "libc++";
				CLANG_ENABLE_MODULES = YES;
				CLANG_ENABLE_OBJC_ARC = YES;
				CLANG_ENABLE_OBJC_WEAK = YES;
				CLANG_WARN_BLOCK_CAPTURE_AUTORELEASING = YES;
				CLANG_WARN_BOOL_CONVERSION = YES;
				CLANG_WARN_COMMA = YES;
				CLANG_WARN_CONSTANT_CONVERSION = YES;
				CLANG_WARN_DEPRECATED_OBJC_IMPLEMENTATIONS = YES;
				CLANG_WARN_DIRECT_OBJC_ISA_USAGE = YES_ERROR;
				CLANG_WARN_DOCUMENTATION_COMMENTS = YES;
				CLANG_WARN_EMPTY_BODY = YES;
				CLANG_WARN_ENUM_CONVERSION = YES;
				CLANG_WARN_INFINITE_RECURSION = YES;
				CLANG_WARN_INT_CONVERSION = YES;
				CLANG_WARN_NON_LITERAL_NULL_CONVERSION = YES;
				CLANG_WARN_OBJC_IMPLICIT_RETAIN_SELF = YES;
				CLANG_WARN_OBJC_LITERAL_CONVERSION = YES;
				CLANG_WARN_OBJC_ROOT_CLASS = YES_ERROR;
				CLANG_WARN_RANGE_LOOP_ANALYSIS = YES;
				CLANG_WARN_STRICT_PROTOTYPES = YES;
				CLANG_WARN_SUSPICIOUS_MOVE = YES;
				CLANG_WARN_UNGUARDED_AVAILABILITY = YES_AGGRESSIVE;
				CLANG_WARN_UNREACHABLE_CODE = YES;
				CLANG_WARN__DUPLICATE_METHOD_MATCH = YES;
				CODE_SIGN_IDENTITY = "iPhone Developer";
				COPY_PHASE_STRIP = NO;
				DEBUG_INFORMATION_FORMAT = dwarf;
				ENABLE_STRICT_OBJC_MSGSEND = YES;
				ENABLE_TESTABILITY = YES;
				GCC_C_LANGUAGE_STANDARD = gnu11;
				GCC_DYNAMIC_NO_PIC = NO;
				GCC_NO_COMMON_BLOCKS = YES;
				GCC_OPTIMIZATION_LEVEL = 0;
				GCC_PREPROCESSOR_DEFINITIONS = (
					"DEBUG=1",
					"$(inherited)",
				);
				GCC_WARN_64_TO_32_BIT_CONVERSION = YES;
				GCC_WARN_ABOUT_RETURN_TYPE = YES_ERROR;
				GCC_WARN_UNDECLARED_SELECTOR = YES;
				GCC_WARN_UNINITIALIZED_AUTOS = YES_AGGRESSIVE;
				GCC_WARN_UNUSED_FUNCTION = YES;
				GCC_WARN_UNUSED_VARIABLE = YES;
				IPHONEOS_DEPLOYMENT_TARGET = 11.3;
				MTL_ENABLE_DEBUG_INFO = YES;
				ONLY_ACTIVE_ARCH = YES;
				SDKROOT = iphoneos;
				SWIFT_ACTIVE_COMPILATION_CONDITIONS = DEBUG;
				SWIFT_OPTIMIZATION_LEVEL = "-Onone";
			};
			name = Debug;
		};
		B731C3D8208D23BF00A94093 /* Release */ = {
			isa = XCBuildConfiguration;
			buildSettings = {
				ALWAYS_SEARCH_USER_PATHS = NO;
				CLANG_ANALYZER_NONNULL = YES;
				CLANG_ANALYZER_NUMBER_OBJECT_CONVERSION = YES_AGGRESSIVE;
				CLANG_CXX_LANGUAGE_STANDARD = "gnu++14";
				CLANG_CXX_LIBRARY = "libc++";
				CLANG_ENABLE_MODULES = YES;
				CLANG_ENABLE_OBJC_ARC = YES;
				CLANG_ENABLE_OBJC_WEAK = YES;
				CLANG_WARN_BLOCK_CAPTURE_AUTORELEASING = YES;
				CLANG_WARN_BOOL_CONVERSION = YES;
				CLANG_WARN_COMMA = YES;
				CLANG_WARN_CONSTANT_CONVERSION = YES;
				CLANG_WARN_DEPRECATED_OBJC_IMPLEMENTATIONS = YES;
				CLANG_WARN_DIRECT_OBJC_ISA_USAGE = YES_ERROR;
				CLANG_WARN_DOCUMENTATION_COMMENTS = YES;
				CLANG_WARN_EMPTY_BODY = YES;
				CLANG_WARN_ENUM_CONVERSION = YES;
				CLANG_WARN_INFINITE_RECURSION = YES;
				CLANG_WARN_INT_CONVERSION = YES;
				CLANG_WARN_NON_LITERAL_NULL_CONVERSION = YES;
				CLANG_WARN_OBJC_IMPLICIT_RETAIN_SELF = YES;
				CLANG_WARN_OBJC_LITERAL_CONVERSION = YES;
				CLANG_WARN_OBJC_ROOT_CLASS = YES_ERROR;
				CLANG_WARN_RANGE_LOOP_ANALYSIS = YES;
				CLANG_WARN_STRICT_PROTOTYPES = YES;
				CLANG_WARN_SUSPICIOUS_MOVE = YES;
				CLANG_WARN_UNGUARDED_AVAILABILITY = YES_AGGRESSIVE;
				CLANG_WARN_UNREACHABLE_CODE = YES;
				CLANG_WARN__DUPLICATE_METHOD_MATCH = YES;
				CODE_SIGN_IDENTITY = "iPhone Developer";
				COPY_PHASE_STRIP = NO;
				DEBUG_INFORMATION_FORMAT = "dwarf-with-dsym";
				ENABLE_NS_ASSERTIONS = NO;
				ENABLE_STRICT_OBJC_MSGSEND = YES;
				GCC_C_LANGUAGE_STANDARD = gnu11;
				GCC_NO_COMMON_BLOCKS = YES;
				GCC_WARN_64_TO_32_BIT_CONVERSION = YES;
				GCC_WARN_ABOUT_RETURN_TYPE = YES_ERROR;
				GCC_WARN_UNDECLARED_SELECTOR = YES;
				GCC_WARN_UNINITIALIZED_AUTOS = YES_AGGRESSIVE;
				GCC_WARN_UNUSED_FUNCTION = YES;
				GCC_WARN_UNUSED_VARIABLE = YES;
				IPHONEOS_DEPLOYMENT_TARGET = 11.3;
				MTL_ENABLE_DEBUG_INFO = NO;
				SDKROOT = iphoneos;
				SWIFT_COMPILATION_MODE = wholemodule;
				SWIFT_OPTIMIZATION_LEVEL = "-O";
				VALIDATE_PRODUCT = YES;
			};
			name = Release;
		};
		B731C3DA208D23BF00A94093 /* Debug */ = {
			isa = XCBuildConfiguration;
			baseConfigurationReference = 78404465B6A25D2AC1DFE1DE /* Pods-Podcasts.debug.xcconfig */;
			buildSettings = {
				ASSETCATALOG_COMPILER_APPICON_NAME = AppIcon;
				CODE_SIGN_STYLE = Automatic;
				INFOPLIST_FILE = Podcasts/Info.plist;
				LD_RUNPATH_SEARCH_PATHS = (
					"$(inherited)",
					"@executable_path/Frameworks",
				);
				PRODUCT_BUNDLE_IDENTIFIER = net.irmablanco.Podcasts;
				PRODUCT_NAME = "$(TARGET_NAME)";
				SWIFT_VERSION = 4.0;
				TARGETED_DEVICE_FAMILY = "1,2";
			};
			name = Debug;
		};
		B731C3DB208D23BF00A94093 /* Release */ = {
			isa = XCBuildConfiguration;
			baseConfigurationReference = 336BB26F22D297FB4FA824F2 /* Pods-Podcasts.release.xcconfig */;
			buildSettings = {
				ASSETCATALOG_COMPILER_APPICON_NAME = AppIcon;
				CODE_SIGN_STYLE = Automatic;
				INFOPLIST_FILE = Podcasts/Info.plist;
				LD_RUNPATH_SEARCH_PATHS = (
					"$(inherited)",
					"@executable_path/Frameworks",
				);
				PRODUCT_BUNDLE_IDENTIFIER = net.irmablanco.Podcasts;
				PRODUCT_NAME = "$(TARGET_NAME)";
				SWIFT_VERSION = 4.0;
				TARGETED_DEVICE_FAMILY = "1,2";
			};
			name = Release;
		};
/* End XCBuildConfiguration section */

/* Begin XCConfigurationList section */
		B731C3C2208D23BC00A94093 /* Build configuration list for PBXProject "Podcasts" */ = {
			isa = XCConfigurationList;
			buildConfigurations = (
				B731C3D7208D23BF00A94093 /* Debug */,
				B731C3D8208D23BF00A94093 /* Release */,
			);
			defaultConfigurationIsVisible = 0;
			defaultConfigurationName = Release;
		};
		B731C3D9208D23BF00A94093 /* Build configuration list for PBXNativeTarget "Podcasts" */ = {
			isa = XCConfigurationList;
			buildConfigurations = (
				B731C3DA208D23BF00A94093 /* Debug */,
				B731C3DB208D23BF00A94093 /* Release */,
			);
			defaultConfigurationIsVisible = 0;
			defaultConfigurationName = Release;
		};
/* End XCConfigurationList section */
	};
	rootObject = B731C3BF208D23BC00A94093 /* Project object */;
}
